{
	"name": "benzed-mono",
	"version": "0.0.1",
	"lockfileVersion": 1,
	"requires": true,
	"dependencies": {
		"babel-runtime": {
			"version": "6.26.0",
			"resolved": "https://registry.npmjs.org/babel-runtime/-/babel-runtime-6.26.0.tgz",
			"integrity": "sha1-llxwWGaOgrVde/4E/yM3vItWR/4=",
			"requires": {
				"core-js": "^2.4.0",
				"regenerator-runtime": "^0.11.0"
			}
		},
		"colors": {
			"version": "1.3.0",
			"resolved": "https://registry.npmjs.org/colors/-/colors-1.3.0.tgz",
			"integrity": "sha512-EDpX3a7wHMWFA7PUHWPHNWqOxIIRSJetuwl0AS5Oi/5FMV8kWm69RTlgm00GKjBO1xFHMtBbL49yRtMMdticBw==",
			"dev": true
		},
		"core-js": {
			"version": "2.5.6",
			"resolved": "https://registry.npmjs.org/core-js/-/core-js-2.5.6.tgz",
			"integrity": "sha512-lQUVfQi0aLix2xpyjrrJEvfuYCqPc/HwmTKsC/VNf8q0zsjX7SQZtp4+oRONN5Tsur9GDETPjj+Ub2iDiGZfSQ=="
		},
		"is-explicit": {
			"version": "2.0.0",
			"resolved": "https://registry.npmjs.org/is-explicit/-/is-explicit-2.0.0.tgz",
			"integrity": "sha512-xawEC4Ke8USvCILFTKos6UFAphPUX1Of3qbdndz00/pSgcboYQifQZCjMy7Hj1HGXGfVge1Zd1oYSBZfKbVJhg=="
		},
		"regenerator-runtime": {
			"version": "0.11.1",
			"resolved": "https://registry.npmjs.org/regenerator-runtime/-/regenerator-runtime-0.11.1.tgz",
			"integrity": "sha512-MguG95oij0fC3QV3URf4V2SDYGJhJnJGqvIIgdECeODCT98wSWDAJ94SSuVpYQUoTcGUIL6L4yNB7j1DFFHSBg=="
		}
	}
}
