{
  "name": "@benzed/test",
  "version": "0.0.1",
  "lockfileVersion": 1,
  "requires": true,
  "dependencies": {
    "is-explicit": {
      "version": "1.4.1",
      "resolved": "https://registry.npmjs.org/is-explicit/-/is-explicit-1.4.1.tgz",
      "integrity": "sha512-8o956hOpMq5KUKJvaUV0R1o323S9UloUewnnSl7+TzzHkLs/IhAWE7bmMad/ZeR2CNOLSk1ZbzOlCYu7qeE72w=="
    }
  }
}
